uuid: 6130fa56-4e57-4a10-84e6-0348ac2a6b91
langcode: en
status: true
dependencies:
  module:
    - block_field
    - paragraphs
id: paragraph.field_block
field_name: field_block
entity_type: paragraph
type: block_field
settings: {  }
module: block_field
locked: false
cardinality: 1
translatable: true
indexes: {  }
persist_with_no_fields: false
custom_storage: false
