uuid: 6167402a-870d-44b1-9dea-ba3227da7467
langcode: en
status: true
dependencies:
  module:
    - paragraphs
    - site_settings
id: paragraph.field_block
field_name: field_block
entity_type: paragraph
type: entity_reference
settings:
  target_type: site_setting_entity
module: core
locked: false
cardinality: 1
translatable: true
indexes: {  }
persist_with_no_fields: false
custom_storage: false
