uuid: cc8bbe18-5877-4824-8f29-1008aa2048fa
langcode: en
status: true
dependencies:
  config:
    - field.storage.paragraph.field_block
    - paragraphs.paragraphs_type.embed_block
  module:
    - block_field
id: paragraph.embed_block.field_block
field_name: field_block
entity_type: paragraph
bundle: embed_block
label: Block
description: ''
required: false
translatable: false
default_value: {  }
default_value_callback: ''
settings:
  selection: blocks
  selection_settings:
    plugin_ids:
      single_rendered_site_settings_block: single_rendered_site_settings_block
      simple_site_settings_block: simple_site_settings_block
field_type: block_field
